
Microsoft Visual Studio Solution File, Format Version 12.00
# Visual Studio Version 17
VisualStudioVersion = 17.4.33110.190
MinimumVisualStudioVersion = 10.0.40219.1
Project("{FAE04EC0-301F-11D3-BF4B-00C04F79EFBC}") = "ThalesTest.Web", "ThalesDevelopmentTest\ThalesTest.Web.csproj", "{D65C3F75-1BB0-4E3D-B74E-9D1E85382212}"
EndProject
Project("{9A19103F-16F7-4668-BE54-9A1E7A4F7556}") = "ThalesTest.API", "ThalesTest.API\ThalesTest.API.csproj", "{A5205A6D-3C90-4C36-B7D5-5A92BFFD1858}"
EndProject
Project("{9A19103F-16F7-4668-BE54-9A1E7A4F7556}") = "ThalesTest.Tests", "ThalesTest.Tests\ThalesTest.Tests.csproj", "{2156032B-ABA2-4404-B777-B3AEA7E8F9E5}"
EndProject
Project("{2150E333-8FDC-42A3-9474-1A3956D46DE8}") = "Presentation", "Presentation", "{F640DE31-E77B-45FD-9EF0-66E43523BA22}"
EndProject
Project("{2150E333-8FDC-42A3-9474-1A3956D46DE8}") = "Core", "Core", "{5427CE27-37C4-42EA-A077-5E55A03659CF}"
EndProject
Project("{2150E333-8FDC-42A3-9474-1A3956D46DE8}") = "Tests", "Tests", "{7D3C8ACB-B13A-48EB-98A7-FC38CB3A826B}"
EndProject
Project("{2150E333-8FDC-42A3-9474-1A3956D46DE8}") = "Infrastructure", "Infrastructure", "{D37B4AB1-1E69-4BBA-9A7F-4583957601D3}"
EndProject
Project("{9A19103F-16F7-4668-BE54-9A1E7A4F7556}") = "ThalesTest.Data", "ThalesTest.Data\ThalesTest.Data.csproj", "{A074FEE0-9423-4249-80C8-463B0DEC9390}"
EndProject
Project("{FAE04EC0-301F-11D3-BF4B-00C04F79EFBC}") = "ThalesTest.EmployeeBL", "EmployeeBL\ThalesTest.EmployeeBL.csproj", "{6FD1FA3D-7994-4454-A0F6-4432DB7E3F5A}"
EndProject
Project("{FAE04EC0-301F-11D3-BF4B-00C04F79EFBC}") = "ThalesTest.CommonComponents", "CommonComponents\ThalesTest.CommonComponents.csproj", "{A6A8C5CB-ACCD-4A66-A4E3-C7213BCB74CB}"
EndProject
Global
	GlobalSection(SolutionConfigurationPlatforms) = preSolution
		Debug|Any CPU = Debug|Any CPU
		Release|Any CPU = Release|Any CPU
	EndGlobalSection
	GlobalSection(ProjectConfigurationPlatforms) = postSolution
		{D65C3F75-1BB0-4E3D-B74E-9D1E85382212}.Debug|Any CPU.ActiveCfg = Debug|Any CPU
		{D65C3F75-1BB0-4E3D-B74E-9D1E85382212}.Debug|Any CPU.Build.0 = Debug|Any CPU
		{D65C3F75-1BB0-4E3D-B74E-9D1E85382212}.Release|Any CPU.ActiveCfg = Release|Any CPU
		{D65C3F75-1BB0-4E3D-B74E-9D1E85382212}.Release|Any CPU.Build.0 = Release|Any CPU
		{A5205A6D-3C90-4C36-B7D5-5A92BFFD1858}.Debug|Any CPU.ActiveCfg = Debug|Any CPU
		{A5205A6D-3C90-4C36-B7D5-5A92BFFD1858}.Debug|Any CPU.Build.0 = Debug|Any CPU
		{A5205A6D-3C90-4C36-B7D5-5A92BFFD1858}.Release|Any CPU.ActiveCfg = Release|Any CPU
		{A5205A6D-3C90-4C36-B7D5-5A92BFFD1858}.Release|Any CPU.Build.0 = Release|Any CPU
		{2156032B-ABA2-4404-B777-B3AEA7E8F9E5}.Debug|Any CPU.ActiveCfg = Debug|Any CPU
		{2156032B-ABA2-4404-B777-B3AEA7E8F9E5}.Debug|Any CPU.Build.0 = Debug|Any CPU
		{2156032B-ABA2-4404-B777-B3AEA7E8F9E5}.Release|Any CPU.ActiveCfg = Release|Any CPU
		{2156032B-ABA2-4404-B777-B3AEA7E8F9E5}.Release|Any CPU.Build.0 = Release|Any CPU
		{A074FEE0-9423-4249-80C8-463B0DEC9390}.Debug|Any CPU.ActiveCfg = Debug|Any CPU
		{A074FEE0-9423-4249-80C8-463B0DEC9390}.Debug|Any CPU.Build.0 = Debug|Any CPU
		{A074FEE0-9423-4249-80C8-463B0DEC9390}.Release|Any CPU.ActiveCfg = Release|Any CPU
		{A074FEE0-9423-4249-80C8-463B0DEC9390}.Release|Any CPU.Build.0 = Release|Any CPU
		{6FD1FA3D-7994-4454-A0F6-4432DB7E3F5A}.Debug|Any CPU.ActiveCfg = Debug|Any CPU
		{6FD1FA3D-7994-4454-A0F6-4432DB7E3F5A}.Debug|Any CPU.Build.0 = Debug|Any CPU
		{6FD1FA3D-7994-4454-A0F6-4432DB7E3F5A}.Release|Any CPU.ActiveCfg = Release|Any CPU
		{6FD1FA3D-7994-4454-A0F6-4432DB7E3F5A}.Release|Any CPU.Build.0 = Release|Any CPU
		{A6A8C5CB-ACCD-4A66-A4E3-C7213BCB74CB}.Debug|Any CPU.ActiveCfg = Debug|Any CPU
		{A6A8C5CB-ACCD-4A66-A4E3-C7213BCB74CB}.Debug|Any CPU.Build.0 = Debug|Any CPU
		{A6A8C5CB-ACCD-4A66-A4E3-C7213BCB74CB}.Release|Any CPU.ActiveCfg = Release|Any CPU
		{A6A8C5CB-ACCD-4A66-A4E3-C7213BCB74CB}.Release|Any CPU.Build.0 = Release|Any CPU
	EndGlobalSection
	GlobalSection(SolutionProperties) = preSolution
		HideSolutionNode = FALSE
	EndGlobalSection
	GlobalSection(NestedProjects) = preSolution
		{D65C3F75-1BB0-4E3D-B74E-9D1E85382212} = {F640DE31-E77B-45FD-9EF0-66E43523BA22}
		{A5205A6D-3C90-4C36-B7D5-5A92BFFD1858} = {5427CE27-37C4-42EA-A077-5E55A03659CF}
		{2156032B-ABA2-4404-B777-B3AEA7E8F9E5} = {7D3C8ACB-B13A-48EB-98A7-FC38CB3A826B}
		{A074FEE0-9423-4249-80C8-463B0DEC9390} = {D37B4AB1-1E69-4BBA-9A7F-4583957601D3}
		{6FD1FA3D-7994-4454-A0F6-4432DB7E3F5A} = {5427CE27-37C4-42EA-A077-5E55A03659CF}
		{A6A8C5CB-ACCD-4A66-A4E3-C7213BCB74CB} = {5427CE27-37C4-42EA-A077-5E55A03659CF}
	EndGlobalSection
	GlobalSection(ExtensibilityGlobals) = postSolution
		SolutionGuid = {D25DB428-DCC9-4375-8B3F-398018CB798C}
	EndGlobalSection
EndGlobal
